
Microsoft Visual Studio Solution File, Format Version 12.00
# Visual Studio Version 17
VisualStudioVersion = 17.3.32819.101
MinimumVisualStudioVersion = 10.0.40219.1
Project("{9A19103F-16F7-4668-BE54-9A1E7A4F7556}") = "ActiveSolution", "ActiveSolution\ActiveSolution.csproj", "{A18D8B2D-9766-4530-A95B-1E072FDE6197}"
EndProject
Project("{FAE04EC0-301F-11D3-BF4B-00C04F79EFBC}") = "ActiveSolution.Tests", "ActiveSolution.Tests\ActiveSolution.Tests.csproj", "{10B22A02-E286-49D5-A764-FAA3D02EE325}"
EndProject
Global
	GlobalSection(SolutionConfigurationPlatforms) = preSolution
		Debug|Any CPU = Debug|Any CPU
		Release|Any CPU = Release|Any CPU
	EndGlobalSection
	GlobalSection(ProjectConfigurationPlatforms) = postSolution
		{A18D8B2D-9766-4530-A95B-1E072FDE6197}.Debug|Any CPU.ActiveCfg = Debug|Any CPU
		{A18D8B2D-9766-4530-A95B-1E072FDE6197}.Debug|Any CPU.Build.0 = Debug|Any CPU
		{A18D8B2D-9766-4530-A95B-1E072FDE6197}.Release|Any CPU.ActiveCfg = Release|Any CPU
		{A18D8B2D-9766-4530-A95B-1E072FDE6197}.Release|Any CPU.Build.0 = Release|Any CPU
		{10B22A02-E286-49D5-A764-FAA3D02EE325}.Debug|Any CPU.ActiveCfg = Debug|Any CPU
		{10B22A02-E286-49D5-A764-FAA3D02EE325}.Debug|Any CPU.Build.0 = Debug|Any CPU
		{10B22A02-E286-49D5-A764-FAA3D02EE325}.Release|Any CPU.ActiveCfg = Release|Any CPU
		{10B22A02-E286-49D5-A764-FAA3D02EE325}.Release|Any CPU.Build.0 = Release|Any CPU
	EndGlobalSection
	GlobalSection(SolutionProperties) = preSolution
		HideSolutionNode = FALSE
	EndGlobalSection
	GlobalSection(ExtensibilityGlobals) = postSolution
		SolutionGuid = {A7DC7E36-2A14-4BE9-AEF7-861879F37F6C}
	EndGlobalSection
EndGlobal
